
Microsoft Visual Studio Solution File, Format Version 12.00
# Visual Studio Version 17
VisualStudioVersion = 17.5.33502.453
MinimumVisualStudioVersion = 10.0.40219.1
Project("{9A19103F-16F7-4668-BE54-9A1E7A4F7556}") = "TagLikeMath", "TagLikeMath\TagLikeMath.csproj", "{0CCE0774-5CDE-4298-A4E1-6441F560C9A2}"
EndProject
Project("{9A19103F-16F7-4668-BE54-9A1E7A4F7556}") = "TagStartupMath", "TagStartupMath\TagStartupMath.csproj", "{00DACCE4-AD6B-453C-BB2A-49887B2EB9FF}"
EndProject
Project("{9A19103F-16F7-4668-BE54-9A1E7A4F7556}") = "Recommendations", "Recomendations\Recommendations.csproj", "{FDCD2136-20FF-47F9-8E7D-CDFA4E3686C8}"
EndProject
Global
	GlobalSection(SolutionConfigurationPlatforms) = preSolution
		Debug|Any CPU = Debug|Any CPU
		Release|Any CPU = Release|Any CPU
	EndGlobalSection
	GlobalSection(ProjectConfigurationPlatforms) = postSolution
		{0CCE0774-5CDE-4298-A4E1-6441F560C9A2}.Debug|Any CPU.ActiveCfg = Debug|Any CPU
		{0CCE0774-5CDE-4298-A4E1-6441F560C9A2}.Debug|Any CPU.Build.0 = Debug|Any CPU
		{0CCE0774-5CDE-4298-A4E1-6441F560C9A2}.Release|Any CPU.ActiveCfg = Release|Any CPU
		{0CCE0774-5CDE-4298-A4E1-6441F560C9A2}.Release|Any CPU.Build.0 = Release|Any CPU
		{00DACCE4-AD6B-453C-BB2A-49887B2EB9FF}.Debug|Any CPU.ActiveCfg = Debug|Any CPU
		{00DACCE4-AD6B-453C-BB2A-49887B2EB9FF}.Debug|Any CPU.Build.0 = Debug|Any CPU
		{00DACCE4-AD6B-453C-BB2A-49887B2EB9FF}.Release|Any CPU.ActiveCfg = Release|Any CPU
		{00DACCE4-AD6B-453C-BB2A-49887B2EB9FF}.Release|Any CPU.Build.0 = Release|Any CPU
		{FDCD2136-20FF-47F9-8E7D-CDFA4E3686C8}.Debug|Any CPU.ActiveCfg = Debug|Any CPU
		{FDCD2136-20FF-47F9-8E7D-CDFA4E3686C8}.Debug|Any CPU.Build.0 = Debug|Any CPU
		{FDCD2136-20FF-47F9-8E7D-CDFA4E3686C8}.Release|Any CPU.ActiveCfg = Release|Any CPU
		{FDCD2136-20FF-47F9-8E7D-CDFA4E3686C8}.Release|Any CPU.Build.0 = Release|Any CPU
	EndGlobalSection
	GlobalSection(SolutionProperties) = preSolution
		HideSolutionNode = FALSE
	EndGlobalSection
	GlobalSection(ExtensibilityGlobals) = postSolution
		SolutionGuid = {B86FE0CC-DC82-4FCD-9480-459474D009E4}
	EndGlobalSection
EndGlobal
